
Microsoft Visual Studio Solution File, Format Version 12.00
# Visual Studio Version 17
VisualStudioVersion = 17.1.32328.378
MinimumVisualStudioVersion = 10.0.40219.1
Project("{FAE04EC0-301F-11D3-BF4B-00C04F79EFBC}") = "DataTimeExceptione", "DataTimeExceptione\DataTimeExceptione.csproj", "{F2CC28BF-3198-422F-A499-724F74121B31}"
EndProject
Project("{FAE04EC0-301F-11D3-BF4B-00C04F79EFBC}") = "Exceptiones", "Exceptiones\Exceptiones.csproj", "{27264EE4-F14F-4113-BD86-2F8B17EBB8F4}"
EndProject
Global
	GlobalSection(SolutionConfigurationPlatforms) = preSolution
		Debug|Any CPU = Debug|Any CPU
		Release|Any CPU = Release|Any CPU
	EndGlobalSection
	GlobalSection(ProjectConfigurationPlatforms) = postSolution
		{F2CC28BF-3198-422F-A499-724F74121B31}.Debug|Any CPU.ActiveCfg = Debug|Any CPU
		{F2CC28BF-3198-422F-A499-724F74121B31}.Debug|Any CPU.Build.0 = Debug|Any CPU
		{F2CC28BF-3198-422F-A499-724F74121B31}.Release|Any CPU.ActiveCfg = Release|Any CPU
		{F2CC28BF-3198-422F-A499-724F74121B31}.Release|Any CPU.Build.0 = Release|Any CPU
		{27264EE4-F14F-4113-BD86-2F8B17EBB8F4}.Debug|Any CPU.ActiveCfg = Debug|Any CPU
		{27264EE4-F14F-4113-BD86-2F8B17EBB8F4}.Debug|Any CPU.Build.0 = Debug|Any CPU
		{27264EE4-F14F-4113-BD86-2F8B17EBB8F4}.Release|Any CPU.ActiveCfg = Release|Any CPU
		{27264EE4-F14F-4113-BD86-2F8B17EBB8F4}.Release|Any CPU.Build.0 = Release|Any CPU
	EndGlobalSection
	GlobalSection(SolutionProperties) = preSolution
		HideSolutionNode = FALSE
	EndGlobalSection
	GlobalSection(ExtensibilityGlobals) = postSolution
		SolutionGuid = {5A991A35-E30B-474A-B7DD-8F1EF43B23F2}
	EndGlobalSection
EndGlobal
